
Microsoft Visual Studio Solution File, Format Version 12.00
# Visual Studio 15
VisualStudioVersion = 15.0.28307.779
MinimumVisualStudioVersion = 10.0.40219.1
Project("{FAE04EC0-301F-11D3-BF4B-00C04F79EFBC}") = "LocalizationChecker_Practice1", "LocalizationChecker_Practice1\LocalizationChecker_Practice1.csproj", "{732C50C8-B296-49BC-87DC-852634C05086}"
EndProject
Global
	GlobalSection(SolutionConfigurationPlatforms) = preSolution
		Debug|Any CPU = Debug|Any CPU
		Release|Any CPU = Release|Any CPU
	EndGlobalSection
	GlobalSection(ProjectConfigurationPlatforms) = postSolution
		{732C50C8-B296-49BC-87DC-852634C05086}.Debug|Any CPU.ActiveCfg = Debug|Any CPU
		{732C50C8-B296-49BC-87DC-852634C05086}.Debug|Any CPU.Build.0 = Debug|Any CPU
		{732C50C8-B296-49BC-87DC-852634C05086}.Release|Any CPU.ActiveCfg = Release|Any CPU
		{732C50C8-B296-49BC-87DC-852634C05086}.Release|Any CPU.Build.0 = Release|Any CPU
	EndGlobalSection
	GlobalSection(SolutionProperties) = preSolution
		HideSolutionNode = FALSE
	EndGlobalSection
	GlobalSection(ExtensibilityGlobals) = postSolution
		SolutionGuid = {A8D2B2A5-192B-41E0-8096-08D149465193}
	EndGlobalSection
EndGlobal
